
Microsoft Visual Studio Solution File, Format Version 12.00
# Visual Studio 15
VisualStudioVersion = 15.0.26228.9
MinimumVisualStudioVersion = 10.0.40219.1
Project("{FAE04EC0-301F-11D3-BF4B-00C04F79EFBC}") = "ChatBot", "ChatBot\ChatBot.csproj", "{FFD45F6F-D45A-4FCB-936C-BC447032B81C}"
EndProject
Project("{FAE04EC0-301F-11D3-BF4B-00C04F79EFBC}") = "ChatBot.UnitTests", "ChatBot.UnitTests\ChatBot.UnitTests.csproj", "{9346C83D-EF97-4498-9DA7-6C1C8D57B2CD}"
EndProject
Global
	GlobalSection(SolutionConfigurationPlatforms) = preSolution
		Debug|Any CPU = Debug|Any CPU
		Release|Any CPU = Release|Any CPU
	EndGlobalSection
	GlobalSection(ProjectConfigurationPlatforms) = postSolution
		{FFD45F6F-D45A-4FCB-936C-BC447032B81C}.Debug|Any CPU.ActiveCfg = Debug|Any CPU
		{FFD45F6F-D45A-4FCB-936C-BC447032B81C}.Debug|Any CPU.Build.0 = Debug|Any CPU
		{FFD45F6F-D45A-4FCB-936C-BC447032B81C}.Release|Any CPU.ActiveCfg = Release|Any CPU
		{FFD45F6F-D45A-4FCB-936C-BC447032B81C}.Release|Any CPU.Build.0 = Release|Any CPU
		{9346C83D-EF97-4498-9DA7-6C1C8D57B2CD}.Debug|Any CPU.ActiveCfg = Debug|Any CPU
		{9346C83D-EF97-4498-9DA7-6C1C8D57B2CD}.Debug|Any CPU.Build.0 = Debug|Any CPU
		{9346C83D-EF97-4498-9DA7-6C1C8D57B2CD}.Release|Any CPU.ActiveCfg = Release|Any CPU
		{9346C83D-EF97-4498-9DA7-6C1C8D57B2CD}.Release|Any CPU.Build.0 = Release|Any CPU
	EndGlobalSection
	GlobalSection(SolutionProperties) = preSolution
		HideSolutionNode = FALSE
	EndGlobalSection
	GlobalSection(ExtensibilityGlobals) = postSolution
		SolutionGuid = {5D041CC6-7EEE-45FA-8ADD-3ABAEEEE30AC}
	EndGlobalSection
EndGlobal
